// !$*UTF8*$!
{
	archiveVersion = 1;
	classes = {
	};
	objectVersion = 56;
	objects = {

/* Begin PBXBuildFile section */
		DEDF432F2B6A963E0085B011 /* AppDelegate.swift in Sources */ = {isa = PBXBuildFile; fileRef = DEDF432E2B6A963E0085B011 /* AppDelegate.swift */; };
		DEDF43312B6A963E0085B011 /* SceneDelegate.swift in Sources */ = {isa = PBXBuildFile; fileRef = DEDF43302B6A963E0085B011 /* SceneDelegate.swift */; };
		DEDF43332B6A963E0085B011 /* ViewController.swift in Sources */ = {isa = PBXBuildFile; fileRef = DEDF43322B6A963E0085B011 /* ViewController.swift */; };
		DEDF43362B6A963E0085B011 /* Main.storyboard in Resources */ = {isa = PBXBuildFile; fileRef = DEDF43342B6A963E0085B011 /* Main.storyboard */; };
		DEDF43382B6A96410085B011 /* Assets.xcassets in Resources */ = {isa = PBXBuildFile; fileRef = DEDF43372B6A96410085B011 /* Assets.xcassets */; };
		DEDF433B2B6A96410085B011 /* LaunchScreen.storyboard in Resources */ = {isa = PBXBuildFile; fileRef = DEDF43392B6A96410085B011 /* LaunchScreen.storyboard */; };
		DEDF43462B6A96410085B011 /* DareviaTests.swift in Sources */ = {isa = PBXBuildFile; fileRef = DEDF43452B6A96410085B011 /* DareviaTests.swift */; };
		DEDF43502B6A96410085B011 /* DareviaUITests.swift in Sources */ = {isa = PBXBuildFile; fileRef = DEDF434F2B6A96410085B011 /* DareviaUITests.swift */; };
		DEDF43522B6A96410085B011 /* DareviaUITestsLaunchTests.swift in Sources */ = {isa = PBXBuildFile; fileRef = DEDF43512B6A96410085B011 /* DareviaUITestsLaunchTests.swift */; };
		DEDF43652B6A9C020085B011 /* RoomTypeCVC.swift in Sources */ = {isa = PBXBuildFile; fileRef = DEDF43632B6A9C020085B011 /* RoomTypeCVC.swift */; };
		DEDF43662B6A9C020085B011 /* RoomTypeCVC.xib in Resources */ = {isa = PBXBuildFile; fileRef = DEDF43642B6A9C020085B011 /* RoomTypeCVC.xib */; };
		DEDF43692B6A9C3E0085B011 /* RoomTypeTVC.swift in Sources */ = {isa = PBXBuildFile; fileRef = DEDF43672B6A9C3E0085B011 /* RoomTypeTVC.swift */; };
		DEDF436A2B6A9C3E0085B011 /* RoomTypeTVC.xib in Resources */ = {isa = PBXBuildFile; fileRef = DEDF43682B6A9C3E0085B011 /* RoomTypeTVC.xib */; };
/* End PBXBuildFile section */

/* Begin PBXContainerItemProxy section */
		DEDF43422B6A96410085B011 /* PBXContainerItemProxy */ = {
			isa = PBXContainerItemProxy;
			containerPortal = DEDF43232B6A963E0085B011 /* Project object */;
			proxyType = 1;
			remoteGlobalIDString = DEDF432A2B6A963E0085B011;
			remoteInfo = Darevia;
		};
		DEDF434C2B6A96410085B011 /* PBXContainerItemProxy */ = {
			isa = PBXContainerItemProxy;
			containerPortal = DEDF43232B6A963E0085B011 /* Project object */;
			proxyType = 1;
			remoteGlobalIDString = DEDF432A2B6A963E0085B011;
			remoteInfo = Darevia;
		};
/* End PBXContainerItemProxy section */

/* Begin PBXFileReference section */
		DEDF432B2B6A963E0085B011 /* Darevia.app */ = {isa = PBXFileReference; explicitFileType = wrapper.application; includeInIndex = 0; path = Darevia.app; sourceTree = BUILT_PRODUCTS_DIR; };
		DEDF432E2B6A963E0085B011 /* AppDelegate.swift */ = {isa = PBXFileReference; lastKnownFileType = sourcecode.swift; path = AppDelegate.swift; sourceTree = "<group>"; };
		DEDF43302B6A963E0085B011 /* SceneDelegate.swift */ = {isa = PBXFileReference; lastKnownFileType = sourcecode.swift; path = SceneDelegate.swift; sourceTree = "<group>"; };
		DEDF43322B6A963E0085B011 /* ViewController.swift */ = {isa = PBXFileReference; lastKnownFileType = sourcecode.swift; path = ViewController.swift; sourceTree = "<group>"; };
		DEDF43352B6A963E0085B011 /* Base */ = {isa = PBXFileReference; lastKnownFileType = file.storyboard; name = Base; path = Base.lproj/Main.storyboard; sourceTree = "<group>"; };
		DEDF43372B6A96410085B011 /* Assets.xcassets */ = {isa = PBXFileReference; lastKnownFileType = folder.assetcatalog; path = Assets.xcassets; sourceTree = "<group>"; };
		DEDF433A2B6A96410085B011 /* Base */ = {isa = PBXFileReference; lastKnownFileType = file.storyboard; name = Base; path = Base.lproj/LaunchScreen.storyboard; sourceTree = "<group>"; };
		DEDF433C2B6A96410085B011 /* Info.plist */ = {isa = PBXFileReference; lastKnownFileType = text.plist.xml; path = Info.plist; sourceTree = "<group>"; };
		DEDF43412B6A96410085B011 /* DareviaTests.xctest */ = {isa = PBXFileReference; explicitFileType = wrapper.cfbundle; includeInIndex = 0; path = DareviaTests.xctest; sourceTree = BUILT_PRODUCTS_DIR; };
		DEDF43452B6A96410085B011 /* DareviaTests.swift */ = {isa = PBXFileReference; lastKnownFileType = sourcecode.swift; path = DareviaTests.swift; sourceTree = "<group>"; };
		DEDF434B2B6A96410085B011 /* DareviaUITests.xctest */ = {isa = PBXFileReference; explicitFileType = wrapper.cfbundle; includeInIndex = 0; path = DareviaUITests.xctest; sourceTree = BUILT_PRODUCTS_DIR; };
		DEDF434F2B6A96410085B011 /* DareviaUITests.swift */ = {isa = PBXFileReference; lastKnownFileType = sourcecode.swift; path = DareviaUITests.swift; sourceTree = "<group>"; };
		DEDF43512B6A96410085B011 /* DareviaUITestsLaunchTests.swift */ = {isa = PBXFileReference; lastKnownFileType = sourcecode.swift; path = DareviaUITestsLaunchTests.swift; sourceTree = "<group>"; };
		DEDF43632B6A9C020085B011 /* RoomTypeCVC.swift */ = {isa = PBXFileReference; lastKnownFileType = sourcecode.swift; path = RoomTypeCVC.swift; sourceTree = "<group>"; };
		DEDF43642B6A9C020085B011 /* RoomTypeCVC.xib */ = {isa = PBXFileReference; lastKnownFileType = file.xib; path = RoomTypeCVC.xib; sourceTree = "<group>"; };
		DEDF43672B6A9C3E0085B011 /* RoomTypeTVC.swift */ = {isa = PBXFileReference; lastKnownFileType = sourcecode.swift; path = RoomTypeTVC.swift; sourceTree = "<group>"; };
		DEDF43682B6A9C3E0085B011 /* RoomTypeTVC.xib */ = {isa = PBXFileReference; lastKnownFileType = file.xib; path = RoomTypeTVC.xib; sourceTree = "<group>"; };
/* End PBXFileReference section */

/* Begin PBXFrameworksBuildPhase section */
		DEDF43282B6A963E0085B011 /* Frameworks */ = {
			isa = PBXFrameworksBuildPhase;
			buildActionMask = 2147483647;
			files = (
			);
			runOnlyForDeploymentPostprocessing = 0;
		};
		DEDF433E2B6A96410085B011 /* Frameworks */ = {
			isa = PBXFrameworksBuildPhase;
			buildActionMask = 2147483647;
			files = (
			);
			runOnlyForDeploymentPostprocessing = 0;
		};
		DEDF43482B6A96410085B011 /* Frameworks */ = {
			isa = PBXFrameworksBuildPhase;
			buildActionMask = 2147483647;
			files = (
			);
			runOnlyForDeploymentPostprocessing = 0;
		};
/* End PBXFrameworksBuildPhase section */

/* Begin PBXGroup section */
		DEDF43222B6A963E0085B011 = {
			isa = PBXGroup;
			children = (
				DEDF432D2B6A963E0085B011 /* Darevia */,
				DEDF43442B6A96410085B011 /* DareviaTests */,
				DEDF434E2B6A96410085B011 /* DareviaUITests */,
				DEDF432C2B6A963E0085B011 /* Products */,
			);
			sourceTree = "<group>";
		};
		DEDF432C2B6A963E0085B011 /* Products */ = {
			isa = PBXGroup;
			children = (
				DEDF432B2B6A963E0085B011 /* Darevia.app */,
				DEDF43412B6A96410085B011 /* DareviaTests.xctest */,
				DEDF434B2B6A96410085B011 /* DareviaUITests.xctest */,
			);
			name = Products;
			sourceTree = "<group>";
		};
		DEDF432D2B6A963E0085B011 /* Darevia */ = {
			isa = PBXGroup;
			children = (
				DEDF43602B6A99870085B011 /* Controllers */,
				DEDF435F2B6A996A0085B011 /* Views */,
				DEDF43622B6A9B9D0085B011 /* TableVC */,
				DEDF43612B6A9A0F0085B011 /* CollectionVC */,
				DEDF435E2B6A99440085B011 /* SystemFlie */,
				DEDF433C2B6A96410085B011 /* Info.plist */,
			);
			path = Darevia;
			sourceTree = "<group>";
		};
		DEDF43442B6A96410085B011 /* DareviaTests */ = {
			isa = PBXGroup;
			children = (
				DEDF43452B6A96410085B011 /* DareviaTests.swift */,
			);
			path = DareviaTests;
			sourceTree = "<group>";
		};
		DEDF434E2B6A96410085B011 /* DareviaUITests */ = {
			isa = PBXGroup;
			children = (
				DEDF434F2B6A96410085B011 /* DareviaUITests.swift */,
				DEDF43512B6A96410085B011 /* DareviaUITestsLaunchTests.swift */,
			);
			path = DareviaUITests;
			sourceTree = "<group>";
		};
		DEDF435E2B6A99440085B011 /* SystemFlie */ = {
			isa = PBXGroup;
			children = (
				DEDF432E2B6A963E0085B011 /* AppDelegate.swift */,
				DEDF43302B6A963E0085B011 /* SceneDelegate.swift */,
			);
			path = SystemFlie;
			sourceTree = "<group>";
		};
		DEDF435F2B6A996A0085B011 /* Views */ = {
			isa = PBXGroup;
			children = (
				DEDF43342B6A963E0085B011 /* Main.storyboard */,
				DEDF43392B6A96410085B011 /* LaunchScreen.storyboard */,
				DEDF43372B6A96410085B011 /* Assets.xcassets */,
			);
			path = Views;
			sourceTree = "<group>";
		};
		DEDF43602B6A99870085B011 /* Controllers */ = {
			isa = PBXGroup;
			children = (
				DEDF43322B6A963E0085B011 /* ViewController.swift */,
			);
			path = Controllers;
			sourceTree = "<group>";
		};
		DEDF43612B6A9A0F0085B011 /* CollectionVC */ = {
			isa = PBXGroup;
			children = (
				DEDF43632B6A9C020085B011 /* RoomTypeCVC.swift */,
				DEDF43642B6A9C020085B011 /* RoomTypeCVC.xib */,
			);
			path = CollectionVC;
			sourceTree = "<group>";
		};
		DEDF43622B6A9B9D0085B011 /* TableVC */ = {
			isa = PBXGroup;
			children = (
				DEDF43672B6A9C3E0085B011 /* RoomTypeTVC.swift */,
				DEDF43682B6A9C3E0085B011 /* RoomTypeTVC.xib */,
			);
			path = TableVC;
			sourceTree = "<group>";
		};
/* End PBXGroup section */

/* Begin PBXNativeTarget section */
		DEDF432A2B6A963E0085B011 /* Darevia */ = {
			isa = PBXNativeTarget;
			buildConfigurationList = DEDF43552B6A96410085B011 /* Build configuration list for PBXNativeTarget "Darevia" */;
			buildPhases = (
				DEDF43272B6A963E0085B011 /* Sources */,
				DEDF43282B6A963E0085B011 /* Frameworks */,
				DEDF43292B6A963E0085B011 /* Resources */,
			);
			buildRules = (
			);
			dependencies = (
			);
			name = Darevia;
			productName = Darevia;
			productReference = DEDF432B2B6A963E0085B011 /* Darevia.app */;
			productType = "com.apple.product-type.application";
		};
		DEDF43402B6A96410085B011 /* DareviaTests */ = {
			isa = PBXNativeTarget;
			buildConfigurationList = DEDF43582B6A96410085B011 /* Build configuration list for PBXNativeTarget "DareviaTests" */;
			buildPhases = (
				DEDF433D2B6A96410085B011 /* Sources */,
				DEDF433E2B6A96410085B011 /* Frameworks */,
				DEDF433F2B6A96410085B011 /* Resources */,
			);
			buildRules = (
			);
			dependencies = (
				DEDF43432B6A96410085B011 /* PBXTargetDependency */,
			);
			name = DareviaTests;
			productName = DareviaTests;
			productReference = DEDF43412B6A96410085B011 /* DareviaTests.xctest */;
			productType = "com.apple.product-type.bundle.unit-test";
		};
		DEDF434A2B6A96410085B011 /* DareviaUITests */ = {
			isa = PBXNativeTarget;
			buildConfigurationList = DEDF435B2B6A96410085B011 /* Build configuration list for PBXNativeTarget "DareviaUITests" */;
			buildPhases = (
				DEDF43472B6A96410085B011 /* Sources */,
				DEDF43482B6A96410085B011 /* Frameworks */,
				DEDF43492B6A96410085B011 /* Resources */,
			);
			buildRules = (
			);
			dependencies = (
				DEDF434D2B6A96410085B011 /* PBXTargetDependency */,
			);
			name = DareviaUITests;
			productName = DareviaUITests;
			productReference = DEDF434B2B6A96410085B011 /* DareviaUITests.xctest */;
			productType = "com.apple.product-type.bundle.ui-testing";
		};
/* End PBXNativeTarget section */

/* Begin PBXProject section */
		DEDF43232B6A963E0085B011 /* Project object */ = {
			isa = PBXProject;
			attributes = {
				BuildIndependentTargetsInParallel = 1;
				LastSwiftUpdateCheck = 1520;
				LastUpgradeCheck = 1520;
				TargetAttributes = {
					DEDF432A2B6A963E0085B011 = {
						CreatedOnToolsVersion = 15.2;
					};
					DEDF43402B6A96410085B011 = {
						CreatedOnToolsVersion = 15.2;
						TestTargetID = DEDF432A2B6A963E0085B011;
					};
					DEDF434A2B6A96410085B011 = {
						CreatedOnToolsVersion = 15.2;
						TestTargetID = DEDF432A2B6A963E0085B011;
					};
				};
			};
			buildConfigurationList = DEDF43262B6A963E0085B011 /* Build configuration list for PBXProject "Darevia" */;
			compatibilityVersion = "Xcode 14.0";
			developmentRegion = en;
			hasScannedForEncodings = 0;
			knownRegions = (
				en,
				Base,
			);
			mainGroup = DEDF43222B6A963E0085B011;
			productRefGroup = DEDF432C2B6A963E0085B011 /* Products */;
			projectDirPath = "";
			projectRoot = "";
			targets = (
				DEDF432A2B6A963E0085B011 /* Darevia */,
				DEDF43402B6A96410085B011 /* DareviaTests */,
				DEDF434A2B6A96410085B011 /* DareviaUITests */,
			);
		};
/* End PBXProject section */

/* Begin PBXResourcesBuildPhase section */
		DEDF43292B6A963E0085B011 /* Resources */ = {
			isa = PBXResourcesBuildPhase;
			buildActionMask = 2147483647;
			files = (
				DEDF433B2B6A96410085B011 /* LaunchScreen.storyboard in Resources */,
				DEDF43382B6A96410085B011 /* Assets.xcassets in Resources */,
				DEDF43362B6A963E0085B011 /* Main.storyboard in Resources */,
				DEDF436A2B6A9C3E0085B011 /* RoomTypeTVC.xib in Resources */,
				DEDF43662B6A9C020085B011 /* RoomTypeCVC.xib in Resources */,
			);
			runOnlyForDeploymentPostprocessing = 0;
		};
		DEDF433F2B6A96410085B011 /* Resources */ = {
			isa = PBXResourcesBuildPhase;
			buildActionMask = 2147483647;
			files = (
			);
			runOnlyForDeploymentPostprocessing = 0;
		};
		DEDF43492B6A96410085B011 /* Resources */ = {
			isa = PBXResourcesBuildPhase;
			buildActionMask = 2147483647;
			files = (
			);
			runOnlyForDeploymentPostprocessing = 0;
		};
/* End PBXResourcesBuildPhase section */

/* Begin PBXSourcesBuildPhase section */
		DEDF43272B6A963E0085B011 /* Sources */ = {
			isa = PBXSourcesBuildPhase;
			buildActionMask = 2147483647;
			files = (
				DEDF43332B6A963E0085B011 /* ViewController.swift in Sources */,
				DEDF43692B6A9C3E0085B011 /* RoomTypeTVC.swift in Sources */,
				DEDF432F2B6A963E0085B011 /* AppDelegate.swift in Sources */,
				DEDF43312B6A963E0085B011 /* SceneDelegate.swift in Sources */,
				DEDF43652B6A9C020085B011 /* RoomTypeCVC.swift in Sources */,
			);
			runOnlyForDeploymentPostprocessing = 0;
		};
		DEDF433D2B6A96410085B011 /* Sources */ = {
			isa = PBXSourcesBuildPhase;
			buildActionMask = 2147483647;
			files = (
				DEDF43462B6A96410085B011 /* DareviaTests.swift in Sources */,
			);
			runOnlyForDeploymentPostprocessing = 0;
		};
		DEDF43472B6A96410085B011 /* Sources */ = {
			isa = PBXSourcesBuildPhase;
			buildActionMask = 2147483647;
			files = (
				DEDF43502B6A96410085B011 /* DareviaUITests.swift in Sources */,
				DEDF43522B6A96410085B011 /* DareviaUITestsLaunchTests.swift in Sources */,
			);
			runOnlyForDeploymentPostprocessing = 0;
		};
/* End PBXSourcesBuildPhase section */

/* Begin PBXTargetDependency section */
		DEDF43432B6A96410085B011 /* PBXTargetDependency */ = {
			isa = PBXTargetDependency;
			target = DEDF432A2B6A963E0085B011 /* Darevia */;
			targetProxy = DEDF43422B6A96410085B011 /* PBXContainerItemProxy */;
		};
		DEDF434D2B6A96410085B011 /* PBXTargetDependency */ = {
			isa = PBXTargetDependency;
			target = DEDF432A2B6A963E0085B011 /* Darevia */;
			targetProxy = DEDF434C2B6A96410085B011 /* PBXContainerItemProxy */;
		};
/* End PBXTargetDependency section */

/* Begin PBXVariantGroup section */
		DEDF43342B6A963E0085B011 /* Main.storyboard */ = {
			isa = PBXVariantGroup;
			children = (
				DEDF43352B6A963E0085B011 /* Base */,
			);
			name = Main.storyboard;
			sourceTree = "<group>";
		};
		DEDF43392B6A96410085B011 /* LaunchScreen.storyboard */ = {
			isa = PBXVariantGroup;
			children = (
				DEDF433A2B6A96410085B011 /* Base */,
			);
			name = LaunchScreen.storyboard;
			sourceTree = "<group>";
		};
/* End PBXVariantGroup section */

/* Begin XCBuildConfiguration section */
		DEDF43532B6A96410085B011 /* Debug */ = {
			isa = XCBuildConfiguration;
			buildSettings = {
				ALWAYS_SEARCH_USER_PATHS = NO;
				ASSETCATALOG_COMPILER_GENERATE_SWIFT_ASSET_SYMBOL_EXTENSIONS = YES;
				CLANG_ANALYZER_NONNULL = YES;
				CLANG_ANALYZER_NUMBER_OBJECT_CONVERSION = YES_AGGRESSIVE;
				CLANG_CXX_LANGUAGE_STANDARD = "gnu++20";
				CLANG_ENABLE_MODULES = YES;
				CLANG_ENABLE_OBJC_ARC = YES;
				CLANG_ENABLE_OBJC_WEAK = YES;
				CLANG_WARN_BLOCK_CAPTURE_AUTORELEASING = YES;
				CLANG_WARN_BOOL_CONVERSION = YES;
				CLANG_WARN_COMMA = YES;
				CLANG_WARN_CONSTANT_CONVERSION = YES;
				CLANG_WARN_DEPRECATED_OBJC_IMPLEMENTATIONS = YES;
				CLANG_WARN_DIRECT_OBJC_ISA_USAGE = YES_ERROR;
				CLANG_WARN_DOCUMENTATION_COMMENTS = YES;
				CLANG_WARN_EMPTY_BODY = YES;
				CLANG_WARN_ENUM_CONVERSION = YES;
				CLANG_WARN_INFINITE_RECURSION = YES;
				CLANG_WARN_INT_CONVERSION = YES;
				CLANG_WARN_NON_LITERAL_NULL_CONVERSION = YES;
				CLANG_WARN_OBJC_IMPLICIT_RETAIN_SELF = YES;
				CLANG_WARN_OBJC_LITERAL_CONVERSION = YES;
				CLANG_WARN_OBJC_ROOT_CLASS = YES_ERROR;
				CLANG_WARN_QUOTED_INCLUDE_IN_FRAMEWORK_HEADER = YES;
				CLANG_WARN_RANGE_LOOP_ANALYSIS = YES;
				CLANG_WARN_STRICT_PROTOTYPES = YES;
				CLANG_WARN_SUSPICIOUS_MOVE = YES;
				CLANG_WARN_UNGUARDED_AVAILABILITY = YES_AGGRESSIVE;
				CLANG_WARN_UNREACHABLE_CODE = YES;
				CLANG_WARN__DUPLICATE_METHOD_MATCH = YES;
				COPY_PHASE_STRIP = NO;
				DEBUG_INFORMATION_FORMAT = dwarf;
				ENABLE_STRICT_OBJC_MSGSEND = YES;
				ENABLE_TESTABILITY = YES;
				ENABLE_USER_SCRIPT_SANDBOXING = YES;
				GCC_C_LANGUAGE_STANDARD = gnu17;
				GCC_DYNAMIC_NO_PIC = NO;
				GCC_NO_COMMON_BLOCKS = YES;
				GCC_OPTIMIZATION_LEVEL = 0;
				GCC_PREPROCESSOR_DEFINITIONS = (
					"DEBUG=1",
					"$(inherited)",
				);
				GCC_WARN_64_TO_32_BIT_CONVERSION = YES;
				GCC_WARN_ABOUT_RETURN_TYPE = YES_ERROR;
				GCC_WARN_UNDECLARED_SELECTOR = YES;
				GCC_WARN_UNINITIALIZED_AUTOS = YES_AGGRESSIVE;
				GCC_WARN_UNUSED_FUNCTION = YES;
				GCC_WARN_UNUSED_VARIABLE = YES;
				IPHONEOS_DEPLOYMENT_TARGET = 17.2;
				LOCALIZATION_PREFERS_STRING_CATALOGS = YES;
				MTL_ENABLE_DEBUG_INFO = INCLUDE_SOURCE;
				MTL_FAST_MATH = YES;
				ONLY_ACTIVE_ARCH = YES;
				SDKROOT = iphoneos;
				SWIFT_ACTIVE_COMPILATION_CONDITIONS = "DEBUG $(inherited)";
				SWIFT_OPTIMIZATION_LEVEL = "-Onone";
			};
			name = Debug;
		};
		DEDF43542B6A96410085B011 /* Release */ = {
			isa = XCBuildConfiguration;
			buildSettings = {
				ALWAYS_SEARCH_USER_PATHS = NO;
				ASSETCATALOG_COMPILER_GENERATE_SWIFT_ASSET_SYMBOL_EXTENSIONS = YES;
				CLANG_ANALYZER_NONNULL = YES;
				CLANG_ANALYZER_NUMBER_OBJECT_CONVERSION = YES_AGGRESSIVE;
				CLANG_CXX_LANGUAGE_STANDARD = "gnu++20";
				CLANG_ENABLE_MODULES = YES;
				CLANG_ENABLE_OBJC_ARC = YES;
				CLANG_ENABLE_OBJC_WEAK = YES;
				CLANG_WARN_BLOCK_CAPTURE_AUTORELEASING = YES;
				CLANG_WARN_BOOL_CONVERSION = YES;
				CLANG_WARN_COMMA = YES;
				CLANG_WARN_CONSTANT_CONVERSION = YES;
				CLANG_WARN_DEPRECATED_OBJC_IMPLEMENTATIONS = YES;
				CLANG_WARN_DIRECT_OBJC_ISA_USAGE = YES_ERROR;
				CLANG_WARN_DOCUMENTATION_COMMENTS = YES;
				CLANG_WARN_EMPTY_BODY = YES;
				CLANG_WARN_ENUM_CONVERSION = YES;
				CLANG_WARN_INFINITE_RECURSION = YES;
				CLANG_WARN_INT_CONVERSION = YES;
				CLANG_WARN_NON_LITERAL_NULL_CONVERSION = YES;
				CLANG_WARN_OBJC_IMPLICIT_RETAIN_SELF = YES;
				CLANG_WARN_OBJC_LITERAL_CONVERSION = YES;
				CLANG_WARN_OBJC_ROOT_CLASS = YES_ERROR;
				CLANG_WARN_QUOTED_INCLUDE_IN_FRAMEWORK_HEADER = YES;
				CLANG_WARN_RANGE_LOOP_ANALYSIS = YES;
				CLANG_WARN_STRICT_PROTOTYPES = YES;
				CLANG_WARN_SUSPICIOUS_MOVE = YES;
				CLANG_WARN_UNGUARDED_AVAILABILITY = YES_AGGRESSIVE;
				CLANG_WARN_UNREACHABLE_CODE = YES;
				CLANG_WARN__DUPLICATE_METHOD_MATCH = YES;
				COPY_PHASE_STRIP = NO;
				DEBUG_INFORMATION_FORMAT = "dwarf-with-dsym";
				ENABLE_NS_ASSERTIONS = NO;
				ENABLE_STRICT_OBJC_MSGSEND = YES;
				ENABLE_USER_SCRIPT_SANDBOXING = YES;
				GCC_C_LANGUAGE_STANDARD = gnu17;
				GCC_NO_COMMON_BLOCKS = YES;
				GCC_WARN_64_TO_32_BIT_CONVERSION = YES;
				GCC_WARN_ABOUT_RETURN_TYPE = YES_ERROR;
				GCC_WARN_UNDECLARED_SELECTOR = YES;
				GCC_WARN_UNINITIALIZED_AUTOS = YES_AGGRESSIVE;
				GCC_WARN_UNUSED_FUNCTION = YES;
				GCC_WARN_UNUSED_VARIABLE = YES;
				IPHONEOS_DEPLOYMENT_TARGET = 17.2;
				LOCALIZATION_PREFERS_STRING_CATALOGS = YES;
				MTL_ENABLE_DEBUG_INFO = NO;
				MTL_FAST_MATH = YES;
				SDKROOT = iphoneos;
				SWIFT_COMPILATION_MODE = wholemodule;
				VALIDATE_PRODUCT = YES;
			};
			name = Release;
		};
		DEDF43562B6A96410085B011 /* Debug */ = {
			isa = XCBuildConfiguration;
			buildSettings = {
				ASSETCATALOG_COMPILER_APPICON_NAME = AppIcon;
				ASSETCATALOG_COMPILER_GLOBAL_ACCENT_COLOR_NAME = AccentColor;
				CODE_SIGN_STYLE = Automatic;
				CURRENT_PROJECT_VERSION = 1;
				DEVELOPMENT_TEAM = 424YN83A3C;
				GENERATE_INFOPLIST_FILE = YES;
				INFOPLIST_FILE = Darevia/Info.plist;
				INFOPLIST_KEY_UIApplicationSupportsIndirectInputEvents = YES;
				INFOPLIST_KEY_UILaunchStoryboardName = LaunchScreen;
				INFOPLIST_KEY_UIMainStoryboardFile = Main;
				INFOPLIST_KEY_UISupportedInterfaceOrientations_iPad = "UIInterfaceOrientationPortrait UIInterfaceOrientationPortraitUpsideDown UIInterfaceOrientationLandscapeLeft UIInterfaceOrientationLandscapeRight";
				INFOPLIST_KEY_UISupportedInterfaceOrientations_iPhone = "UIInterfaceOrientationPortrait UIInterfaceOrientationLandscapeLeft UIInterfaceOrientationLandscapeRight";
				IPHONEOS_DEPLOYMENT_TARGET = 15.0;
				LD_RUNPATH_SEARCH_PATHS = (
					"$(inherited)",
					"@executable_path/Frameworks",
				);
				MARKETING_VERSION = 1.0;
				PRODUCT_BUNDLE_IDENTIFIER = berkan.Darevia;
				PRODUCT_NAME = "$(TARGET_NAME)";
				SUPPORTED_PLATFORMS = "iphoneos iphonesimulator";
				SUPPORTS_MACCATALYST = NO;
				SUPPORTS_MAC_DESIGNED_FOR_IPHONE_IPAD = NO;
				SUPPORTS_XR_DESIGNED_FOR_IPHONE_IPAD = NO;
				SWIFT_EMIT_LOC_STRINGS = YES;
				SWIFT_VERSION = 5.0;
				TARGETED_DEVICE_FAMILY = "1,2";
			};
			name = Debug;
		};
		DEDF43572B6A96410085B011 /* Release */ = {
			isa = XCBuildConfiguration;
			buildSettings = {
				ASSETCATALOG_COMPILER_APPICON_NAME = AppIcon;
				ASSETCATALOG_COMPILER_GLOBAL_ACCENT_COLOR_NAME = AccentColor;
				CODE_SIGN_STYLE = Automatic;
				CURRENT_PROJECT_VERSION = 1;
				DEVELOPMENT_TEAM = 424YN83A3C;
				GENERATE_INFOPLIST_FILE = YES;
				INFOPLIST_FILE = Darevia/Info.plist;
				INFOPLIST_KEY_UIApplicationSupportsIndirectInputEvents = YES;
				INFOPLIST_KEY_UILaunchStoryboardName = LaunchScreen;
				INFOPLIST_KEY_UIMainStoryboardFile = Main;
				INFOPLIST_KEY_UISupportedInterfaceOrientations_iPad = "UIInterfaceOrientationPortrait UIInterfaceOrientationPortraitUpsideDown UIInterfaceOrientationLandscapeLeft UIInterfaceOrientationLandscapeRight";
				INFOPLIST_KEY_UISupportedInterfaceOrientations_iPhone = "UIInterfaceOrientationPortrait UIInterfaceOrientationLandscapeLeft UIInterfaceOrientationLandscapeRight";
				IPHONEOS_DEPLOYMENT_TARGET = 15.0;
				LD_RUNPATH_SEARCH_PATHS = (
					"$(inherited)",
					"@executable_path/Frameworks",
				);
				MARKETING_VERSION = 1.0;
				PRODUCT_BUNDLE_IDENTIFIER = berkan.Darevia;
				PRODUCT_NAME = "$(TARGET_NAME)";
				SUPPORTED_PLATFORMS = "iphoneos iphonesimulator";
				SUPPORTS_MACCATALYST = NO;
				SUPPORTS_MAC_DESIGNED_FOR_IPHONE_IPAD = NO;
				SUPPORTS_XR_DESIGNED_FOR_IPHONE_IPAD = NO;
				SWIFT_EMIT_LOC_STRINGS = YES;
				SWIFT_VERSION = 5.0;
				TARGETED_DEVICE_FAMILY = "1,2";
			};
			name = Release;
		};
		DEDF43592B6A96410085B011 /* Debug */ = {
			isa = XCBuildConfiguration;
			buildSettings = {
				ALWAYS_EMBED_SWIFT_STANDARD_LIBRARIES = YES;
				BUNDLE_LOADER = "$(TEST_HOST)";
				CODE_SIGN_STYLE = Automatic;
				CURRENT_PROJECT_VERSION = 1;
				DEVELOPMENT_TEAM = 424YN83A3C;
				GENERATE_INFOPLIST_FILE = YES;
				IPHONEOS_DEPLOYMENT_TARGET = 17.2;
				MARKETING_VERSION = 1.0;
				PRODUCT_BUNDLE_IDENTIFIER = berkan.DareviaTests;
				PRODUCT_NAME = "$(TARGET_NAME)";
				SWIFT_EMIT_LOC_STRINGS = NO;
				SWIFT_VERSION = 5.0;
				TARGETED_DEVICE_FAMILY = "1,2";
				TEST_HOST = "$(BUILT_PRODUCTS_DIR)/Darevia.app/$(BUNDLE_EXECUTABLE_FOLDER_PATH)/Darevia";
			};
			name = Debug;
		};
		DEDF435A2B6A96410085B011 /* Release */ = {
			isa = XCBuildConfiguration;
			buildSettings = {
				ALWAYS_EMBED_SWIFT_STANDARD_LIBRARIES = YES;
				BUNDLE_LOADER = "$(TEST_HOST)";
				CODE_SIGN_STYLE = Automatic;
				CURRENT_PROJECT_VERSION = 1;
				DEVELOPMENT_TEAM = 424YN83A3C;
				GENERATE_INFOPLIST_FILE = YES;
				IPHONEOS_DEPLOYMENT_TARGET = 17.2;
				MARKETING_VERSION = 1.0;
				PRODUCT_BUNDLE_IDENTIFIER = berkan.DareviaTests;
				PRODUCT_NAME = "$(TARGET_NAME)";
				SWIFT_EMIT_LOC_STRINGS = NO;
				SWIFT_VERSION = 5.0;
				TARGETED_DEVICE_FAMILY = "1,2";
				TEST_HOST = "$(BUILT_PRODUCTS_DIR)/Darevia.app/$(BUNDLE_EXECUTABLE_FOLDER_PATH)/Darevia";
			};
			name = Release;
		};
		DEDF435C2B6A96410085B011 /* Debug */ = {
			isa = XCBuildConfiguration;
			buildSettings = {
				ALWAYS_EMBED_SWIFT_STANDARD_LIBRARIES = YES;
				CODE_SIGN_STYLE = Automatic;
				CURRENT_PROJECT_VERSION = 1;
				DEVELOPMENT_TEAM = 424YN83A3C;
				GENERATE_INFOPLIST_FILE = YES;
				MARKETING_VERSION = 1.0;
				PRODUCT_BUNDLE_IDENTIFIER = berkan.DareviaUITests;
				PRODUCT_NAME = "$(TARGET_NAME)";
				SWIFT_EMIT_LOC_STRINGS = NO;
				SWIFT_VERSION = 5.0;
				TARGETED_DEVICE_FAMILY = "1,2";
				TEST_TARGET_NAME = Darevia;
			};
			name = Debug;
		};
		DEDF435D2B6A96410085B011 /* Release */ = {
			isa = XCBuildConfiguration;
			buildSettings = {
				ALWAYS_EMBED_SWIFT_STANDARD_LIBRARIES = YES;
				CODE_SIGN_STYLE = Automatic;
				CURRENT_PROJECT_VERSION = 1;
				DEVELOPMENT_TEAM = 424YN83A3C;
				GENERATE_INFOPLIST_FILE = YES;
				MARKETING_VERSION = 1.0;
				PRODUCT_BUNDLE_IDENTIFIER = berkan.DareviaUITests;
				PRODUCT_NAME = "$(TARGET_NAME)";
				SWIFT_EMIT_LOC_STRINGS = NO;
				SWIFT_VERSION = 5.0;
				TARGETED_DEVICE_FAMILY = "1,2";
				TEST_TARGET_NAME = Darevia;
			};
			name = Release;
		};
/* End XCBuildConfiguration section */

/* Begin XCConfigurationList section */
		DEDF43262B6A963E0085B011 /* Build configuration list for PBXProject "Darevia" */ = {
			isa = XCConfigurationList;
			buildConfigurations = (
				DEDF43532B6A96410085B011 /* Debug */,
				DEDF43542B6A96410085B011 /* Release */,
			);
			defaultConfigurationIsVisible = 0;
			defaultConfigurationName = Release;
		};
		DEDF43552B6A96410085B011 /* Build configuration list for PBXNativeTarget "Darevia" */ = {
			isa = XCConfigurationList;
			buildConfigurations = (
				DEDF43562B6A96410085B011 /* Debug */,
				DEDF43572B6A96410085B011 /* Release */,
			);
			defaultConfigurationIsVisible = 0;
			defaultConfigurationName = Release;
		};
		DEDF43582B6A96410085B011 /* Build configuration list for PBXNativeTarget "DareviaTests" */ = {
			isa = XCConfigurationList;
			buildConfigurations = (
				DEDF43592B6A96410085B011 /* Debug */,
				DEDF435A2B6A96410085B011 /* Release */,
			);
			defaultConfigurationIsVisible = 0;
			defaultConfigurationName = Release;
		};
		DEDF435B2B6A96410085B011 /* Build configuration list for PBXNativeTarget "DareviaUITests" */ = {
			isa = XCConfigurationList;
			buildConfigurations = (
				DEDF435C2B6A96410085B011 /* Debug */,
				DEDF435D2B6A96410085B011 /* Release */,
			);
			defaultConfigurationIsVisible = 0;
			defaultConfigurationName = Release;
		};
/* End XCConfigurationList section */
	};
	rootObject = DEDF43232B6A963E0085B011 /* Project object */;
}
